
Microsoft Visual Studio Solution File, Format Version 12.00
# Visual Studio Version 17
VisualStudioVersion = 17.0.31903.59
MinimumVisualStudioVersion = 10.0.40219.1
Project("{2150E333-8FDC-42A3-9474-1A3956D46DE8}") = "app", "app", "{68D5E966-3F54-43B6-B221-4AFF84113D6B}"
EndProject
Project("{FAE04EC0-301F-11D3-BF4B-00C04F79EFBC}") = "TestadorCLPHI.App", "app\TestadorCLPHI.App\TestadorCLPHI.App.csproj", "{43167752-6671-40C8-8F92-D843578FF8B7}"
EndProject
Project("{FAE04EC0-301F-11D3-BF4B-00C04F79EFBC}") = "TestadorIndustrial.Core", "app\TestadorIndustrial.Core\TestadorIndustrial.Core.csproj", "{F5A48FD6-6D84-4F24-A5C1-B051D1D5AAE4}"
EndProject
Project("{FAE04EC0-301F-11D3-BF4B-00C04F79EFBC}") = "TestadorIndustrial.Application", "app\TestadorIndustrial.Application\TestadorIndustrial.Application.csproj", "{C5B64BE8-0F9D-4A93-94F0-1D275C16D4C7}"
EndProject
Project("{2150E333-8FDC-42A3-9474-1A3956D46DE8}") = "tests", "tests", "{0A7C6D12-7F5A-44BE-AEF8-45275C9E49E4}"
EndProject
Project("{FAE04EC0-301F-11D3-BF4B-00C04F79EFBC}") = "TestadorIndustrial.Core.Validation", "tests\TestadorIndustrial.Core.Validation\TestadorIndustrial.Core.Validation.csproj", "{8F3E9A7C-3B0D-4D17-A799-61F64C24445F}"
EndProject
Global
	GlobalSection(SolutionConfigurationPlatforms) = preSolution
		Debug|Any CPU = Debug|Any CPU
		Release|Any CPU = Release|Any CPU
	EndGlobalSection
	GlobalSection(ProjectConfigurationPlatforms) = postSolution
		{43167752-6671-40C8-8F92-D843578FF8B7}.Debug|Any CPU.ActiveCfg = Debug|Any CPU
		{43167752-6671-40C8-8F92-D843578FF8B7}.Debug|Any CPU.Build.0 = Debug|Any CPU
		{43167752-6671-40C8-8F92-D843578FF8B7}.Release|Any CPU.ActiveCfg = Release|Any CPU
		{43167752-6671-40C8-8F92-D843578FF8B7}.Release|Any CPU.Build.0 = Release|Any CPU
		{F5A48FD6-6D84-4F24-A5C1-B051D1D5AAE4}.Debug|Any CPU.ActiveCfg = Debug|Any CPU
		{F5A48FD6-6D84-4F24-A5C1-B051D1D5AAE4}.Debug|Any CPU.Build.0 = Debug|Any CPU
		{F5A48FD6-6D84-4F24-A5C1-B051D1D5AAE4}.Release|Any CPU.ActiveCfg = Release|Any CPU
		{F5A48FD6-6D84-4F24-A5C1-B051D1D5AAE4}.Release|Any CPU.Build.0 = Release|Any CPU
		{C5B64BE8-0F9D-4A93-94F0-1D275C16D4C7}.Debug|Any CPU.ActiveCfg = Debug|Any CPU
		{C5B64BE8-0F9D-4A93-94F0-1D275C16D4C7}.Debug|Any CPU.Build.0 = Debug|Any CPU
		{C5B64BE8-0F9D-4A93-94F0-1D275C16D4C7}.Release|Any CPU.ActiveCfg = Release|Any CPU
		{C5B64BE8-0F9D-4A93-94F0-1D275C16D4C7}.Release|Any CPU.Build.0 = Release|Any CPU
		{8F3E9A7C-3B0D-4D17-A799-61F64C24445F}.Debug|Any CPU.ActiveCfg = Debug|Any CPU
		{8F3E9A7C-3B0D-4D17-A799-61F64C24445F}.Debug|Any CPU.Build.0 = Debug|Any CPU
		{8F3E9A7C-3B0D-4D17-A799-61F64C24445F}.Release|Any CPU.ActiveCfg = Release|Any CPU
		{8F3E9A7C-3B0D-4D17-A799-61F64C24445F}.Release|Any CPU.Build.0 = Release|Any CPU
	EndGlobalSection
	GlobalSection(SolutionProperties) = preSolution
		HideSolutionNode = FALSE
	EndGlobalSection
	GlobalSection(NestedProjects) = preSolution
		{43167752-6671-40C8-8F92-D843578FF8B7} = {68D5E966-3F54-43B6-B221-4AFF84113D6B}
		{F5A48FD6-6D84-4F24-A5C1-B051D1D5AAE4} = {68D5E966-3F54-43B6-B221-4AFF84113D6B}
		{C5B64BE8-0F9D-4A93-94F0-1D275C16D4C7} = {68D5E966-3F54-43B6-B221-4AFF84113D6B}
		{8F3E9A7C-3B0D-4D17-A799-61F64C24445F} = {0A7C6D12-7F5A-44BE-AEF8-45275C9E49E4}
	EndGlobalSection
EndGlobal
